
Microsoft Visual Studio Solution File, Format Version 12.00
# Visual Studio Version 17
VisualStudioVersion = 17.13.35825.156 d17.13
MinimumVisualStudioVersion = 10.0.40219.1
Project("{8BC9CEB8-8B4A-11D0-8D11-00A0C91BC942}") = "CuBiCGStab", "CuBiCGStab.vcxproj", "{757EEE04-F44C-0569-3884-44FDF86E4DDE}"
EndProject
Global
	GlobalSection(SolutionConfigurationPlatforms) = preSolution
		Debug|x64 = Debug|x64
		Release|x64 = Release|x64
	EndGlobalSection
	GlobalSection(ProjectConfigurationPlatforms) = postSolution
		{757EEE04-F44C-0569-3884-44FDF86E4DDE}.Debug|x64.ActiveCfg = Debug|x64
		{757EEE04-F44C-0569-3884-44FDF86E4DDE}.Debug|x64.Build.0 = Debug|x64
		{757EEE04-F44C-0569-3884-44FDF86E4DDE}.Release|x64.ActiveCfg = Release|x64
		{757EEE04-F44C-0569-3884-44FDF86E4DDE}.Release|x64.Build.0 = Release|x64
	EndGlobalSection
	GlobalSection(SolutionProperties) = preSolution
		HideSolutionNode = FALSE
	EndGlobalSection
	GlobalSection(ExtensibilityGlobals) = postSolution
		SolutionGuid = {B2082074-543D-4AB8-88A3-DC0129C8E408}
	EndGlobalSection
EndGlobal
